# This file is automatically @generated by Cargo.
# It is not intended for manual editing.
version = 3

[[package]]
name = "byte-slice-cast"
version = "1.2.2"
source = "registry+https://github.com/rust-lang/crates.io-index"
checksum = "c3ac9f8b63eca6fd385229b3675f6cc0dc5c8a5c8a54a59d4f52ffd670d87b0c"

[[package]]
name = "static_file_example"
version = "0.1.0"
dependencies = [
 "syphon",
]

[[package]]
name = "syphon"
version = "0.1.0"
dependencies = [
 "byte-slice-cast",
]
